// !$*UTF8*$!
{
	archiveVersion = 1;
	classes = {
	};
	objectVersion = 56;
	objects = {

/* Begin PBXBuildFile section */
		F8E5CBFA2BB9155D00D47227 /* PagedCarouselAnimationsApp.swift in Sources */ = {isa = PBXBuildFile; fileRef = F8E5CBF92BB9155D00D47227 /* PagedCarouselAnimationsApp.swift */; };
		F8E5CBFC2BB9155D00D47227 /* ContentView.swift in Sources */ = {isa = PBXBuildFile; fileRef = F8E5CBFB2BB9155D00D47227 /* ContentView.swift */; };
		F8E5CBFE2BB9155E00D47227 /* Assets.xcassets in Resources */ = {isa = PBXBuildFile; fileRef = F8E5CBFD2BB9155E00D47227 /* Assets.xcassets */; };
		F8E5CC012BB9155E00D47227 /* Preview Assets.xcassets in Resources */ = {isa = PBXBuildFile; fileRef = F8E5CC002BB9155E00D47227 /* Preview Assets.xcassets */; };
		F8E5CC0A2BB915E400D47227 /* PagedCarouselWrapper.swift in Sources */ = {isa = PBXBuildFile; fileRef = F8E5CC092BB915E400D47227 /* PagedCarouselWrapper.swift */; };
		F8E5CC0C2BB9176400D47227 /* PagedCarouselCoordinator.swift in Sources */ = {isa = PBXBuildFile; fileRef = F8E5CC0B2BB9176400D47227 /* PagedCarouselCoordinator.swift */; };
		F8E5CC0E2BB9192000D47227 /* PagedCarouselLayout.swift in Sources */ = {isa = PBXBuildFile; fileRef = F8E5CC0D2BB9192000D47227 /* PagedCarouselLayout.swift */; };
		F8E5CC102BB9195F00D47227 /* CarouselPageCell.swift in Sources */ = {isa = PBXBuildFile; fileRef = F8E5CC0F2BB9195F00D47227 /* CarouselPageCell.swift */; };
		F8E5CC132BB91A6F00D47227 /* UIView+Autolayout.swift in Sources */ = {isa = PBXBuildFile; fileRef = F8E5CC122BB91A6F00D47227 /* UIView+Autolayout.swift */; };
/* End PBXBuildFile section */

/* Begin PBXFileReference section */
		F8E5CBF62BB9155D00D47227 /* PagedCarouselAnimations.app */ = {isa = PBXFileReference; explicitFileType = wrapper.application; includeInIndex = 0; path = PagedCarouselAnimations.app; sourceTree = BUILT_PRODUCTS_DIR; };
		F8E5CBF92BB9155D00D47227 /* PagedCarouselAnimationsApp.swift */ = {isa = PBXFileReference; lastKnownFileType = sourcecode.swift; path = PagedCarouselAnimationsApp.swift; sourceTree = "<group>"; };
		F8E5CBFB2BB9155D00D47227 /* ContentView.swift */ = {isa = PBXFileReference; lastKnownFileType = sourcecode.swift; path = ContentView.swift; sourceTree = "<group>"; };
		F8E5CBFD2BB9155E00D47227 /* Assets.xcassets */ = {isa = PBXFileReference; lastKnownFileType = folder.assetcatalog; path = Assets.xcassets; sourceTree = "<group>"; };
		F8E5CC002BB9155E00D47227 /* Preview Assets.xcassets */ = {isa = PBXFileReference; lastKnownFileType = folder.assetcatalog; path = "Preview Assets.xcassets"; sourceTree = "<group>"; };
		F8E5CC022BB9155E00D47227 /* PagedCarouselAnimations.entitlements */ = {isa = PBXFileReference; lastKnownFileType = text.plist.entitlements; path = PagedCarouselAnimations.entitlements; sourceTree = "<group>"; };
		F8E5CC092BB915E400D47227 /* PagedCarouselWrapper.swift */ = {isa = PBXFileReference; lastKnownFileType = sourcecode.swift; path = PagedCarouselWrapper.swift; sourceTree = "<group>"; };
		F8E5CC0B2BB9176400D47227 /* PagedCarouselCoordinator.swift */ = {isa = PBXFileReference; lastKnownFileType = sourcecode.swift; path = PagedCarouselCoordinator.swift; sourceTree = "<group>"; };
		F8E5CC0D2BB9192000D47227 /* PagedCarouselLayout.swift */ = {isa = PBXFileReference; lastKnownFileType = sourcecode.swift; path = PagedCarouselLayout.swift; sourceTree = "<group>"; };
		F8E5CC0F2BB9195F00D47227 /* CarouselPageCell.swift */ = {isa = PBXFileReference; lastKnownFileType = sourcecode.swift; path = CarouselPageCell.swift; sourceTree = "<group>"; };
		F8E5CC122BB91A6F00D47227 /* UIView+Autolayout.swift */ = {isa = PBXFileReference; lastKnownFileType = sourcecode.swift; path = "UIView+Autolayout.swift"; sourceTree = "<group>"; };
/* End PBXFileReference section */

/* Begin PBXFrameworksBuildPhase section */
		F8E5CBF32BB9155D00D47227 /* Frameworks */ = {
			isa = PBXFrameworksBuildPhase;
			buildActionMask = 2147483647;
			files = (
			);
			runOnlyForDeploymentPostprocessing = 0;
		};
/* End PBXFrameworksBuildPhase section */

/* Begin PBXGroup section */
		F8E5CBED2BB9155D00D47227 = {
			isa = PBXGroup;
			children = (
				F8E5CBF82BB9155D00D47227 /* PagedCarouselAnimations */,
				F8E5CBF72BB9155D00D47227 /* Products */,
			);
			sourceTree = "<group>";
		};
		F8E5CBF72BB9155D00D47227 /* Products */ = {
			isa = PBXGroup;
			children = (
				F8E5CBF62BB9155D00D47227 /* PagedCarouselAnimations.app */,
			);
			name = Products;
			sourceTree = "<group>";
		};
		F8E5CBF82BB9155D00D47227 /* PagedCarouselAnimations */ = {
			isa = PBXGroup;
			children = (
				F8E5CC112BB91A5500D47227 /* Extensions */,
				F8E5CC082BB9157800D47227 /* PagedCarousel */,
				F8E5CBF92BB9155D00D47227 /* PagedCarouselAnimationsApp.swift */,
				F8E5CBFB2BB9155D00D47227 /* ContentView.swift */,
				F8E5CBFD2BB9155E00D47227 /* Assets.xcassets */,
				F8E5CC022BB9155E00D47227 /* PagedCarouselAnimations.entitlements */,
				F8E5CBFF2BB9155E00D47227 /* Preview Content */,
			);
			path = PagedCarouselAnimations;
			sourceTree = "<group>";
		};
		F8E5CBFF2BB9155E00D47227 /* Preview Content */ = {
			isa = PBXGroup;
			children = (
				F8E5CC002BB9155E00D47227 /* Preview Assets.xcassets */,
			);
			path = "Preview Content";
			sourceTree = "<group>";
		};
		F8E5CC082BB9157800D47227 /* PagedCarousel */ = {
			isa = PBXGroup;
			children = (
				F8E5CC092BB915E400D47227 /* PagedCarouselWrapper.swift */,
				F8E5CC0B2BB9176400D47227 /* PagedCarouselCoordinator.swift */,
				F8E5CC0D2BB9192000D47227 /* PagedCarouselLayout.swift */,
				F8E5CC0F2BB9195F00D47227 /* CarouselPageCell.swift */,
			);
			path = PagedCarousel;
			sourceTree = "<group>";
		};
		F8E5CC112BB91A5500D47227 /* Extensions */ = {
			isa = PBXGroup;
			children = (
				F8E5CC122BB91A6F00D47227 /* UIView+Autolayout.swift */,
			);
			path = Extensions;
			sourceTree = "<group>";
		};
/* End PBXGroup section */

/* Begin PBXNativeTarget section */
		F8E5CBF52BB9155D00D47227 /* PagedCarouselAnimations */ = {
			isa = PBXNativeTarget;
			buildConfigurationList = F8E5CC052BB9155E00D47227 /* Build configuration list for PBXNativeTarget "PagedCarouselAnimations" */;
			buildPhases = (
				F8E5CBF22BB9155D00D47227 /* Sources */,
				F8E5CBF32BB9155D00D47227 /* Frameworks */,
				F8E5CBF42BB9155D00D47227 /* Resources */,
			);
			buildRules = (
			);
			dependencies = (
			);
			name = PagedCarouselAnimations;
			productName = PagedCarouselAnimations;
			productReference = F8E5CBF62BB9155D00D47227 /* PagedCarouselAnimations.app */;
			productType = "com.apple.product-type.application";
		};
/* End PBXNativeTarget section */

/* Begin PBXProject section */
		F8E5CBEE2BB9155D00D47227 /* Project object */ = {
			isa = PBXProject;
			attributes = {
				BuildIndependentTargetsInParallel = 1;
				LastSwiftUpdateCheck = 1500;
				LastUpgradeCheck = 1500;
				TargetAttributes = {
					F8E5CBF52BB9155D00D47227 = {
						CreatedOnToolsVersion = 15.0;
					};
				};
			};
			buildConfigurationList = F8E5CBF12BB9155D00D47227 /* Build configuration list for PBXProject "PagedCarouselAnimations" */;
			compatibilityVersion = "Xcode 14.0";
			developmentRegion = en;
			hasScannedForEncodings = 0;
			knownRegions = (
				en,
				Base,
			);
			mainGroup = F8E5CBED2BB9155D00D47227;
			productRefGroup = F8E5CBF72BB9155D00D47227 /* Products */;
			projectDirPath = "";
			projectRoot = "";
			targets = (
				F8E5CBF52BB9155D00D47227 /* PagedCarouselAnimations */,
			);
		};
/* End PBXProject section */

/* Begin PBXResourcesBuildPhase section */
		F8E5CBF42BB9155D00D47227 /* Resources */ = {
			isa = PBXResourcesBuildPhase;
			buildActionMask = 2147483647;
			files = (
				F8E5CC012BB9155E00D47227 /* Preview Assets.xcassets in Resources */,
				F8E5CBFE2BB9155E00D47227 /* Assets.xcassets in Resources */,
			);
			runOnlyForDeploymentPostprocessing = 0;
		};
/* End PBXResourcesBuildPhase section */

/* Begin PBXSourcesBuildPhase section */
		F8E5CBF22BB9155D00D47227 /* Sources */ = {
			isa = PBXSourcesBuildPhase;
			buildActionMask = 2147483647;
			files = (
				F8E5CC0C2BB9176400D47227 /* PagedCarouselCoordinator.swift in Sources */,
				F8E5CC132BB91A6F00D47227 /* UIView+Autolayout.swift in Sources */,
				F8E5CBFC2BB9155D00D47227 /* ContentView.swift in Sources */,
				F8E5CC102BB9195F00D47227 /* CarouselPageCell.swift in Sources */,
				F8E5CBFA2BB9155D00D47227 /* PagedCarouselAnimationsApp.swift in Sources */,
				F8E5CC0E2BB9192000D47227 /* PagedCarouselLayout.swift in Sources */,
				F8E5CC0A2BB915E400D47227 /* PagedCarouselWrapper.swift in Sources */,
			);
			runOnlyForDeploymentPostprocessing = 0;
		};
/* End PBXSourcesBuildPhase section */

/* Begin XCBuildConfiguration section */
		F8E5CC032BB9155E00D47227 /* Debug */ = {
			isa = XCBuildConfiguration;
			buildSettings = {
				ALWAYS_SEARCH_USER_PATHS = NO;
				ASSETCATALOG_COMPILER_GENERATE_SWIFT_ASSET_SYMBOL_EXTENSIONS = YES;
				CLANG_ANALYZER_NONNULL = YES;
				CLANG_ANALYZER_NUMBER_OBJECT_CONVERSION = YES_AGGRESSIVE;
				CLANG_CXX_LANGUAGE_STANDARD = "gnu++20";
				CLANG_ENABLE_MODULES = YES;
				CLANG_ENABLE_OBJC_ARC = YES;
				CLANG_ENABLE_OBJC_WEAK = YES;
				CLANG_WARN_BLOCK_CAPTURE_AUTORELEASING = YES;
				CLANG_WARN_BOOL_CONVERSION = YES;
				CLANG_WARN_COMMA = YES;
				CLANG_WARN_CONSTANT_CONVERSION = YES;
				CLANG_WARN_DEPRECATED_OBJC_IMPLEMENTATIONS = YES;
				CLANG_WARN_DIRECT_OBJC_ISA_USAGE = YES_ERROR;
				CLANG_WARN_DOCUMENTATION_COMMENTS = YES;
				CLANG_WARN_EMPTY_BODY = YES;
				CLANG_WARN_ENUM_CONVERSION = YES;
				CLANG_WARN_INFINITE_RECURSION = YES;
				CLANG_WARN_INT_CONVERSION = YES;
				CLANG_WARN_NON_LITERAL_NULL_CONVERSION = YES;
				CLANG_WARN_OBJC_IMPLICIT_RETAIN_SELF = YES;
				CLANG_WARN_OBJC_LITERAL_CONVERSION = YES;
				CLANG_WARN_OBJC_ROOT_CLASS = YES_ERROR;
				CLANG_WARN_QUOTED_INCLUDE_IN_FRAMEWORK_HEADER = YES;
				CLANG_WARN_RANGE_LOOP_ANALYSIS = YES;
				CLANG_WARN_STRICT_PROTOTYPES = YES;
				CLANG_WARN_SUSPICIOUS_MOVE = YES;
				CLANG_WARN_UNGUARDED_AVAILABILITY = YES_AGGRESSIVE;
				CLANG_WARN_UNREACHABLE_CODE = YES;
				CLANG_WARN__DUPLICATE_METHOD_MATCH = YES;
				COPY_PHASE_STRIP = NO;
				DEBUG_INFORMATION_FORMAT = dwarf;
				ENABLE_STRICT_OBJC_MSGSEND = YES;
				ENABLE_TESTABILITY = YES;
				ENABLE_USER_SCRIPT_SANDBOXING = YES;
				GCC_C_LANGUAGE_STANDARD = gnu17;
				GCC_DYNAMIC_NO_PIC = NO;
				GCC_NO_COMMON_BLOCKS = YES;
				GCC_OPTIMIZATION_LEVEL = 0;
				GCC_PREPROCESSOR_DEFINITIONS = (
					"DEBUG=1",
					"$(inherited)",
				);
				GCC_WARN_64_TO_32_BIT_CONVERSION = YES;
				GCC_WARN_ABOUT_RETURN_TYPE = YES_ERROR;
				GCC_WARN_UNDECLARED_SELECTOR = YES;
				GCC_WARN_UNINITIALIZED_AUTOS = YES_AGGRESSIVE;
				GCC_WARN_UNUSED_FUNCTION = YES;
				GCC_WARN_UNUSED_VARIABLE = YES;
				LOCALIZATION_PREFERS_STRING_CATALOGS = YES;
				MACOSX_DEPLOYMENT_TARGET = 14.0;
				MTL_ENABLE_DEBUG_INFO = INCLUDE_SOURCE;
				MTL_FAST_MATH = YES;
				ONLY_ACTIVE_ARCH = YES;
				SDKROOT = macosx;
				SWIFT_ACTIVE_COMPILATION_CONDITIONS = "DEBUG $(inherited)";
				SWIFT_OPTIMIZATION_LEVEL = "-Onone";
			};
			name = Debug;
		};
		F8E5CC042BB9155E00D47227 /* Release */ = {
			isa = XCBuildConfiguration;
			buildSettings = {
				ALWAYS_SEARCH_USER_PATHS = NO;
				ASSETCATALOG_COMPILER_GENERATE_SWIFT_ASSET_SYMBOL_EXTENSIONS = YES;
				CLANG_ANALYZER_NONNULL = YES;
				CLANG_ANALYZER_NUMBER_OBJECT_CONVERSION = YES_AGGRESSIVE;
				CLANG_CXX_LANGUAGE_STANDARD = "gnu++20";
				CLANG_ENABLE_MODULES = YES;
				CLANG_ENABLE_OBJC_ARC = YES;
				CLANG_ENABLE_OBJC_WEAK = YES;
				CLANG_WARN_BLOCK_CAPTURE_AUTORELEASING = YES;
				CLANG_WARN_BOOL_CONVERSION = YES;
				CLANG_WARN_COMMA = YES;
				CLANG_WARN_CONSTANT_CONVERSION = YES;
				CLANG_WARN_DEPRECATED_OBJC_IMPLEMENTATIONS = YES;
				CLANG_WARN_DIRECT_OBJC_ISA_USAGE = YES_ERROR;
				CLANG_WARN_DOCUMENTATION_COMMENTS = YES;
				CLANG_WARN_EMPTY_BODY = YES;
				CLANG_WARN_ENUM_CONVERSION = YES;
				CLANG_WARN_INFINITE_RECURSION = YES;
				CLANG_WARN_INT_CONVERSION = YES;
				CLANG_WARN_NON_LITERAL_NULL_CONVERSION = YES;
				CLANG_WARN_OBJC_IMPLICIT_RETAIN_SELF = YES;
				CLANG_WARN_OBJC_LITERAL_CONVERSION = YES;
				CLANG_WARN_OBJC_ROOT_CLASS = YES_ERROR;
				CLANG_WARN_QUOTED_INCLUDE_IN_FRAMEWORK_HEADER = YES;
				CLANG_WARN_RANGE_LOOP_ANALYSIS = YES;
				CLANG_WARN_STRICT_PROTOTYPES = YES;
				CLANG_WARN_SUSPICIOUS_MOVE = YES;
				CLANG_WARN_UNGUARDED_AVAILABILITY = YES_AGGRESSIVE;
				CLANG_WARN_UNREACHABLE_CODE = YES;
				CLANG_WARN__DUPLICATE_METHOD_MATCH = YES;
				COPY_PHASE_STRIP = NO;
				DEBUG_INFORMATION_FORMAT = "dwarf-with-dsym";
				ENABLE_NS_ASSERTIONS = NO;
				ENABLE_STRICT_OBJC_MSGSEND = YES;
				ENABLE_USER_SCRIPT_SANDBOXING = YES;
				GCC_C_LANGUAGE_STANDARD = gnu17;
				GCC_NO_COMMON_BLOCKS = YES;
				GCC_WARN_64_TO_32_BIT_CONVERSION = YES;
				GCC_WARN_ABOUT_RETURN_TYPE = YES_ERROR;
				GCC_WARN_UNDECLARED_SELECTOR = YES;
				GCC_WARN_UNINITIALIZED_AUTOS = YES_AGGRESSIVE;
				GCC_WARN_UNUSED_FUNCTION = YES;
				GCC_WARN_UNUSED_VARIABLE = YES;
				LOCALIZATION_PREFERS_STRING_CATALOGS = YES;
				MACOSX_DEPLOYMENT_TARGET = 14.0;
				MTL_ENABLE_DEBUG_INFO = NO;
				MTL_FAST_MATH = YES;
				SDKROOT = macosx;
				SWIFT_COMPILATION_MODE = wholemodule;
			};
			name = Release;
		};
		F8E5CC062BB9155E00D47227 /* Debug */ = {
			isa = XCBuildConfiguration;
			buildSettings = {
				ASSETCATALOG_COMPILER_APPICON_NAME = AppIcon;
				ASSETCATALOG_COMPILER_GLOBAL_ACCENT_COLOR_NAME = AccentColor;
				CODE_SIGN_ENTITLEMENTS = PagedCarouselAnimations/PagedCarouselAnimations.entitlements;
				CODE_SIGN_STYLE = Automatic;
				COMBINE_HIDPI_IMAGES = YES;
				CURRENT_PROJECT_VERSION = 1;
				DEVELOPMENT_ASSET_PATHS = "\"PagedCarouselAnimations/Preview Content\"";
				ENABLE_PREVIEWS = YES;
				GENERATE_INFOPLIST_FILE = YES;
				INFOPLIST_KEY_NSHumanReadableCopyright = "";
				IPHONEOS_DEPLOYMENT_TARGET = 15.0;
				LD_RUNPATH_SEARCH_PATHS = (
					"$(inherited)",
					"@executable_path/../Frameworks",
				);
				MARKETING_VERSION = 1.0;
				PRODUCT_BUNDLE_IDENTIFIER = com.PagedCarouselAnimations;
				PRODUCT_NAME = "$(TARGET_NAME)";
				SUPPORTED_PLATFORMS = "iphoneos iphonesimulator";
				SUPPORTS_MACCATALYST = NO;
				SWIFT_EMIT_LOC_STRINGS = YES;
				SWIFT_VERSION = 5.0;
				TARGETED_DEVICE_FAMILY = "1,2";
			};
			name = Debug;
		};
		F8E5CC072BB9155E00D47227 /* Release */ = {
			isa = XCBuildConfiguration;
			buildSettings = {
				ASSETCATALOG_COMPILER_APPICON_NAME = AppIcon;
				ASSETCATALOG_COMPILER_GLOBAL_ACCENT_COLOR_NAME = AccentColor;
				CODE_SIGN_ENTITLEMENTS = PagedCarouselAnimations/PagedCarouselAnimations.entitlements;
				CODE_SIGN_STYLE = Automatic;
				COMBINE_HIDPI_IMAGES = YES;
				CURRENT_PROJECT_VERSION = 1;
				DEVELOPMENT_ASSET_PATHS = "\"PagedCarouselAnimations/Preview Content\"";
				ENABLE_PREVIEWS = YES;
				GENERATE_INFOPLIST_FILE = YES;
				INFOPLIST_KEY_NSHumanReadableCopyright = "";
				IPHONEOS_DEPLOYMENT_TARGET = 15.0;
				LD_RUNPATH_SEARCH_PATHS = (
					"$(inherited)",
					"@executable_path/../Frameworks",
				);
				MARKETING_VERSION = 1.0;
				PRODUCT_BUNDLE_IDENTIFIER = com.PagedCarouselAnimations;
				PRODUCT_NAME = "$(TARGET_NAME)";
				SUPPORTED_PLATFORMS = "iphoneos iphonesimulator";
				SUPPORTS_MACCATALYST = NO;
				SWIFT_EMIT_LOC_STRINGS = YES;
				SWIFT_VERSION = 5.0;
				TARGETED_DEVICE_FAMILY = "1,2";
			};
			name = Release;
		};
/* End XCBuildConfiguration section */

/* Begin XCConfigurationList section */
		F8E5CBF12BB9155D00D47227 /* Build configuration list for PBXProject "PagedCarouselAnimations" */ = {
			isa = XCConfigurationList;
			buildConfigurations = (
				F8E5CC032BB9155E00D47227 /* Debug */,
				F8E5CC042BB9155E00D47227 /* Release */,
			);
			defaultConfigurationIsVisible = 0;
			defaultConfigurationName = Release;
		};
		F8E5CC052BB9155E00D47227 /* Build configuration list for PBXNativeTarget "PagedCarouselAnimations" */ = {
			isa = XCConfigurationList;
			buildConfigurations = (
				F8E5CC062BB9155E00D47227 /* Debug */,
				F8E5CC072BB9155E00D47227 /* Release */,
			);
			defaultConfigurationIsVisible = 0;
			defaultConfigurationName = Release;
		};
/* End XCConfigurationList section */
	};
	rootObject = F8E5CBEE2BB9155D00D47227 /* Project object */;
}
